{
    "_meta": {
        "hash": {
            "sha256": "b675bbb8cc7ca6c890d65a2be73774f183804148ed3bf1d47af9ec4f8292b44c"
        },
        "pipfile-spec": 6,
        "requires": {
            "python_version": "3.9"
        },
        "sources": [
            {
                "name": "pypi",
                "url": "https://pypi.org/simple",
                "verify_ssl": true
            }
        ]
    },
    "default": {
        "english-words": {
            "hashes": [
                "sha256:b72edecb98ec66da706c89a72443dffc051a103d0394ff2e743dc24b1c8485f1"
            ],
            "index": "pypi",
            "version": "==1.1.0"
        }
    },
    "develop": {}
}
